
Microsoft Visual Studio Solution File, Format Version 12.00
# Visual Studio 15
VisualStudioVersion = 15.0.26127.3
MinimumVisualStudioVersion = 10.0.40219.1
Project("{2150E333-8FDC-42A3-9474-1A3956D46DE8}") = "src", "src", "{0A34A744-67E6-4EB5-B3F3-75F72FC76D76}"
EndProject
Project("{2150E333-8FDC-42A3-9474-1A3956D46DE8}") = "Solution Items", "Solution Items", "{6513E954-F4B4-49C4-A456-FA03E2B00E50}"
EndProject
Project("{9A19103F-16F7-4668-BE54-9A1E7A4F7556}") = "Dorothy", "src\Dorothy\Dorothy.csproj", "{70ABD811-8481-4CE8-BD77-2EB1F9E55F98}"
EndProject
Global
	GlobalSection(SolutionConfigurationPlatforms) = preSolution
		Debug|Any CPU = Debug|Any CPU
		Release|Any CPU = Release|Any CPU
	EndGlobalSection
	GlobalSection(ProjectConfigurationPlatforms) = postSolution
		{70ABD811-8481-4CE8-BD77-2EB1F9E55F98}.Debug|Any CPU.ActiveCfg = Debug|Any CPU
		{70ABD811-8481-4CE8-BD77-2EB1F9E55F98}.Debug|Any CPU.Build.0 = Debug|Any CPU
		{70ABD811-8481-4CE8-BD77-2EB1F9E55F98}.Release|Any CPU.ActiveCfg = Release|Any CPU
		{70ABD811-8481-4CE8-BD77-2EB1F9E55F98}.Release|Any CPU.Build.0 = Release|Any CPU
	EndGlobalSection
	GlobalSection(SolutionProperties) = preSolution
		HideSolutionNode = FALSE
	EndGlobalSection
	GlobalSection(NestedProjects) = preSolution
		{70ABD811-8481-4CE8-BD77-2EB1F9E55F98} = {0A34A744-67E6-4EB5-B3F3-75F72FC76D76}
	EndGlobalSection
EndGlobal
